# This file is automatically @generated by Wally.
# It is not intended for manual editing.
registry = "test"

[[package]]
name = "arakodev/rbxcamerashaker"
version = "0.1.1"
dependencies = []

[[package]]
name = "chipioindustries/roact-rodux"
version = "1.0.4"
dependencies = [["Roact", "roblox/roact@1.4.4"], ["Rodux", "roblox/rodux@3.0.0"]]

[[package]]
name = "cody-nelson/promise"
version = "4.0.1"
dependencies = []

[[package]]
name = "csqrl/sift"
version = "0.0.11"
dependencies = []

[[package]]
name = "essentiallyblue/zoneplus"
version = "3.2.2"
dependencies = []

[[package]]
name = "evaera/promise"
version = "4.0.0"
dependencies = []

[[package]]
name = "jakeywastaken/smartbone-2"
version = "0.5.2"
dependencies = []

[[package]]
name = "jessekroeske/roact"
version = "1.4.2"
dependencies = []

[[package]]
name = "jessekroeske/rodux"
version = "3.0.0"
dependencies = []

[[package]]
name = "joelbrd/charm"
version = "1.0.10"
dependencies = []

[[package]]
name = "jsdotlua/boolean"
version = "1.2.7"
dependencies = [["number", "jsdotlua/number@1.2.7"]]

[[package]]
name = "jsdotlua/collections"
version = "1.2.7"
dependencies = [["es7-types", "jsdotlua/es7-types@1.2.7"], ["instance-of", "jsdotlua/instance-of@1.2.7"]]

[[package]]
name = "jsdotlua/console"
version = "1.2.7"
dependencies = [["collections", "jsdotlua/collections@1.2.7"]]

[[package]]
name = "jsdotlua/es7-types"
version = "1.2.7"
dependencies = []

[[package]]
name = "jsdotlua/instance-of"
version = "1.2.7"
dependencies = []

[[package]]
name = "jsdotlua/luau-polyfill"
version = "1.2.7"
dependencies = [["boolean", "jsdotlua/boolean@1.2.7"], ["collections", "jsdotlua/collections@1.2.7"], ["console", "jsdotlua/console@1.2.7"], ["es7-types", "jsdotlua/es7-types@1.2.7"], ["instance-of", "jsdotlua/instance-of@1.2.7"], ["math", "jsdotlua/math@1.2.7"], ["number", "jsdotlua/number@1.2.7"], ["string", "jsdotlua/string@1.2.7"], ["symbol-luau", "jsdotlua/symbol-luau@1.0.1"], ["timers", "jsdotlua/timers@1.2.7"]]

[[package]]
name = "jsdotlua/math"
version = "1.2.7"
dependencies = []

[[package]]
name = "jsdotlua/number"
version = "1.2.7"
dependencies = []

[[package]]
name = "jsdotlua/promise"
version = "3.5.2"
dependencies = []

[[package]]
name = "jsdotlua/react"
version = "17.2.1"
dependencies = [["luau-polyfill", "jsdotlua/luau-polyfill@1.2.7"], ["shared", "jsdotlua/shared@17.2.1"]]

[[package]]
name = "jsdotlua/react-reconciler"
version = "17.2.1"
dependencies = [["luau-polyfill", "jsdotlua/luau-polyfill@1.2.7"], ["promise", "jsdotlua/promise@3.5.2"], ["react", "jsdotlua/react@17.2.1"], ["scheduler", "jsdotlua/scheduler@17.2.1"], ["shared", "jsdotlua/shared@17.2.1"]]

[[package]]
name = "jsdotlua/react-roblox"
version = "17.2.1"
dependencies = [["luau-polyfill", "jsdotlua/luau-polyfill@1.2.7"], ["react", "jsdotlua/react@17.2.1"], ["react-reconciler", "jsdotlua/react-reconciler@17.2.1"], ["scheduler", "jsdotlua/scheduler@17.2.1"], ["shared", "jsdotlua/shared@17.2.1"]]

[[package]]
name = "jsdotlua/scheduler"
version = "17.2.1"
dependencies = [["luau-polyfill", "jsdotlua/luau-polyfill@1.2.7"], ["shared", "jsdotlua/shared@17.2.1"]]

[[package]]
name = "jsdotlua/shared"
version = "17.2.1"
dependencies = [["luau-polyfill", "jsdotlua/luau-polyfill@1.2.7"]]

[[package]]
name = "jsdotlua/string"
version = "1.2.7"
dependencies = [["es7-types", "jsdotlua/es7-types@1.2.7"], ["number", "jsdotlua/number@1.2.7"]]

[[package]]
name = "jsdotlua/symbol-luau"
version = "1.0.1"
dependencies = []

[[package]]
name = "jsdotlua/timers"
version = "1.2.7"
dependencies = [["collections", "jsdotlua/collections@1.2.7"]]

[[package]]
name = "kartzrbx/janitor"
version = "1.1.0"
dependencies = []

[[package]]
name = "leifs/genrojotree"
version = "0.1.0"
dependencies = [["BloodEngine", "megamonsta2/blood-engine@2.1.5"], ["Charm", "joelbrd/charm@1.0.10"], ["EZCameraShake", "arakodev/rbxcamerashaker@0.1.1"], ["FastCast", "megamonsta2/fastcast@1.0.0"], ["Janitor", "kartzrbx/janitor@1.1.0"], ["Networker", "leifstout/networker@0.2.1"], ["Octree", "maximumadhd/octree@1.0.0"], ["PartCache", "megamonsta2/partcache@1.1.3"], ["ProfileStore", "vyon/profilestore@1.0.3"], ["Promise", "cody-nelson/promise@4.0.1"], ["RaycastHitbox", "ulferno/raycasthitbox@4.0.2"], ["React", "jsdotlua/react@17.2.1"], ["ReactCharm", "littensy/react-charm@0.3.0"], ["ReactRoblox", "jsdotlua/react-roblox@17.2.1"], ["ReactRodux", "solarhorizon/react-rodux@0.2.2"], ["Ripple", "littensy/ripple@0.9.3"], ["Roact", "jessekroeske/roact@1.4.2"], ["RoactRodux", "chipioindustries/roact-rodux@1.0.4"], ["Rodux", "jessekroeske/rodux@3.0.0"], ["Sift", "csqrl/sift@0.0.11"], ["Signal", "sleitnick/signal@2.0.3"], ["Smartbone", "jakeywastaken/smartbone-2@0.5.2"], ["ZonePlus", "essentiallyblue/zoneplus@3.2.2"]]

[[package]]
name = "leifstout/networker"
version = "0.2.1"
dependencies = [["Signal", "sleitnick/signal@2.0.3"]]

[[package]]
name = "littensy/charm"
version = "0.10.0"
dependencies = []

[[package]]
name = "littensy/react-charm"
version = "0.3.0"
dependencies = [["React", "jsdotlua/react@17.2.1"], ["charm", "littensy/charm@0.10.0"]]

[[package]]
name = "littensy/ripple"
version = "0.9.3"
dependencies = [["Promise", "evaera/promise@4.0.0"]]

[[package]]
name = "maximumadhd/octree"
version = "1.0.0"
dependencies = []

[[package]]
name = "megamonsta2/blood-engine"
version = "2.1.5"
dependencies = [["FastCast", "megamonsta2/fastcast@1.0.0"], ["PartCache", "megamonsta2/partcache@1.1.3"]]

[[package]]
name = "megamonsta2/fastcast"
version = "1.0.0"
dependencies = [["PartCache", "megamonsta2/partcache@1.1.3"], ["Table", "megamonsta2/table@1.0.3"]]

[[package]]
name = "megamonsta2/partcache"
version = "1.1.3"
dependencies = [["Table", "megamonsta2/table@1.0.3"]]

[[package]]
name = "megamonsta2/table"
version = "1.0.3"
dependencies = []

[[package]]
name = "roblox/roact"
version = "1.4.4"
dependencies = []

[[package]]
name = "roblox/rodux"
version = "3.0.0"
dependencies = []

[[package]]
name = "roblox/rodux"
version = "4.0.0-rc.0"
dependencies = []

[[package]]
name = "sleitnick/signal"
version = "2.0.3"
dependencies = []

[[package]]
name = "solarhorizon/react-rodux"
version = "0.2.2"
dependencies = [["LuauPolyfill", "jsdotlua/luau-polyfill@1.2.7"], ["React", "jsdotlua/react@17.2.1"], ["Rodux", "roblox/rodux@4.0.0-rc.0"]]

[[package]]
name = "ulferno/raycasthitbox"
version = "4.0.2"
dependencies = []

[[package]]
name = "vyon/profilestore"
version = "1.0.3"
dependencies = []
